Microsoft Visual Studio Solution File, Format Version 12.00
# Visual Studio Version 17
VisualStudioVersion = 17.5.2.0
MinimumVisualStudioVersion = 10.0.40219.1
Project("{FAE04EC0-301F-11D3-BF4B-00C04F79EFBC}") = "ej8", "ej8.csproj", "{5E73A0E9-E869-3121-D287-3529454AAB63}"
EndProject
Global
	GlobalSection(SolutionConfigurationPlatforms) = preSolution
		Debug|Any CPU = Debug|Any CPU
		Release|Any CPU = Release|Any CPU
	EndGlobalSection
	GlobalSection(ProjectConfigurationPlatforms) = postSolution
		{5E73A0E9-E869-3121-D287-3529454AAB63}.Debug|Any CPU.ActiveCfg = Debug|Any CPU
		{5E73A0E9-E869-3121-D287-3529454AAB63}.Debug|Any CPU.Build.0 = Debug|Any CPU
		{5E73A0E9-E869-3121-D287-3529454AAB63}.Release|Any CPU.ActiveCfg = Release|Any CPU
		{5E73A0E9-E869-3121-D287-3529454AAB63}.Release|Any CPU.Build.0 = Release|Any CPU
	EndGlobalSection
	GlobalSection(SolutionProperties) = preSolution
		HideSolutionNode = FALSE
	EndGlobalSection
	GlobalSection(ExtensibilityGlobals) = postSolution
		SolutionGuid = {E5DAB4B4-5712-4D35-BD91-65D7828C3445}
	EndGlobalSection
EndGlobal
